
Microsoft Visual Studio Solution File, Format Version 12.00
# Visual Studio Version 17
VisualStudioVersion = 17.4.33103.184
MinimumVisualStudioVersion = 10.0.40219.1
Project("{FAE04EC0-301F-11D3-BF4B-00C04F79EFBC}") = "6thAssignment-NunitTesting", "6thAssignment-NunitTesting\6thAssignment-NunitTesting.csproj", "{190AFD5B-EC7B-4A6D-8A1A-546DB99B3DED}"
EndProject
Global
	GlobalSection(SolutionConfigurationPlatforms) = preSolution
		Debug|Any CPU = Debug|Any CPU
		Release|Any CPU = Release|Any CPU
	EndGlobalSection
	GlobalSection(ProjectConfigurationPlatforms) = postSolution
		{190AFD5B-EC7B-4A6D-8A1A-546DB99B3DED}.Debug|Any CPU.ActiveCfg = Debug|Any CPU
		{190AFD5B-EC7B-4A6D-8A1A-546DB99B3DED}.Debug|Any CPU.Build.0 = Debug|Any CPU
		{190AFD5B-EC7B-4A6D-8A1A-546DB99B3DED}.Release|Any CPU.ActiveCfg = Release|Any CPU
		{190AFD5B-EC7B-4A6D-8A1A-546DB99B3DED}.Release|Any CPU.Build.0 = Release|Any CPU
	EndGlobalSection
	GlobalSection(SolutionProperties) = preSolution
		HideSolutionNode = FALSE
	EndGlobalSection
	GlobalSection(ExtensibilityGlobals) = postSolution
		SolutionGuid = {02FCFCE7-0919-41A9-B50D-B8767AB34188}
	EndGlobalSection
EndGlobal
